
Microsoft Visual Studio Solution File, Format Version 11.00
# Visual Studio 2010
Project("{FAE04EC0-301F-11D3-BF4B-00C04F79EFBC}") = "BasicPanel", "BasicPanel\BasicPanel.csproj", "{0F94E88A-4126-4F6C-8814-7B27E8ECBF4C}"
EndProject
Global
	GlobalSection(SolutionConfigurationPlatforms) = preSolution
		Debug|Any CPU = Debug|Any CPU
		Release|Any CPU = Release|Any CPU
	EndGlobalSection
	GlobalSection(ProjectConfigurationPlatforms) = postSolution
		{0F94E88A-4126-4F6C-8814-7B27E8ECBF4C}.Debug|Any CPU.ActiveCfg = Debug|Any CPU
		{0F94E88A-4126-4F6C-8814-7B27E8ECBF4C}.Debug|Any CPU.Build.0 = Debug|Any CPU
		{0F94E88A-4126-4F6C-8814-7B27E8ECBF4C}.Release|Any CPU.ActiveCfg = Release|Any CPU
		{0F94E88A-4126-4F6C-8814-7B27E8ECBF4C}.Release|Any CPU.Build.0 = Release|Any CPU
	EndGlobalSection
	GlobalSection(SolutionProperties) = preSolution
		HideSolutionNode = FALSE
	EndGlobalSection
EndGlobal
