
Microsoft Visual Studio Solution File, Format Version 11.00
# Visual Studio 2010
Project("{FAE04EC0-301F-11D3-BF4B-00C04F79EFBC}") = "eemsControl", "eemsControl.csproj", "{61AFCAAC-9F9E-4F56-959F-04C188202BC8}"
EndProject
Global
	GlobalSection(SolutionConfigurationPlatforms) = preSolution
		Debug|Any CPU = Debug|Any CPU
		Release|Any CPU = Release|Any CPU
	EndGlobalSection
	GlobalSection(ProjectConfigurationPlatforms) = postSolution
		{61AFCAAC-9F9E-4F56-959F-04C188202BC8}.Debug|Any CPU.ActiveCfg = Debug|Any CPU
		{61AFCAAC-9F9E-4F56-959F-04C188202BC8}.Debug|Any CPU.Build.0 = Debug|Any CPU
		{61AFCAAC-9F9E-4F56-959F-04C188202BC8}.Release|Any CPU.ActiveCfg = Release|Any CPU
		{61AFCAAC-9F9E-4F56-959F-04C188202BC8}.Release|Any CPU.Build.0 = Release|Any CPU
	EndGlobalSection
	GlobalSection(SolutionProperties) = preSolution
		HideSolutionNode = FALSE
	EndGlobalSection
EndGlobal
