
Microsoft Visual Studio Solution File, Format Version 11.00
# Visual Studio 2010
Project("{FAE04EC0-301F-11D3-BF4B-00C04F79EFBC}") = "fbElevator", "fbElevator.csproj", "{394E8244-4F67-4E2E-93FC-E847CECF469F}"
EndProject
Global
	GlobalSection(SolutionConfigurationPlatforms) = preSolution
		Debug|Any CPU = Debug|Any CPU
		Release|Any CPU = Release|Any CPU
	EndGlobalSection
	GlobalSection(ProjectConfigurationPlatforms) = postSolution
		{394E8244-4F67-4E2E-93FC-E847CECF469F}.Debug|Any CPU.ActiveCfg = Debug|Any CPU
		{394E8244-4F67-4E2E-93FC-E847CECF469F}.Debug|Any CPU.Build.0 = Debug|Any CPU
		{394E8244-4F67-4E2E-93FC-E847CECF469F}.Release|Any CPU.ActiveCfg = Release|Any CPU
		{394E8244-4F67-4E2E-93FC-E847CECF469F}.Release|Any CPU.Build.0 = Release|Any CPU
	EndGlobalSection
	GlobalSection(SolutionProperties) = preSolution
		HideSolutionNode = FALSE
	EndGlobalSection
EndGlobal
